
Microsoft Visual Studio Solution File, Format Version 12.00
# Visual Studio Version 16
VisualStudioVersion = 16.0.30204.135
MinimumVisualStudioVersion = 10.0.40219.1
Project("{9A19103F-16F7-4668-BE54-9A1E7A4F7556}") = "Interfaces", "Interfaces\Interfaces.csproj", "{771EE5F3-9464-4F82-9D2D-185F1F434598}"
EndProject
Project("{9A19103F-16F7-4668-BE54-9A1E7A4F7556}") = "Drawing", "Drawing\Drawing.csproj", "{9E494DD4-7E47-4906-9519-DB2112E04BCF}"
EndProject
Project("{9A19103F-16F7-4668-BE54-9A1E7A4F7556}") = "ParseAll", "ParseAll\ParseAll.csproj", "{EF0ACB5F-D8CA-48B6-AF37-465177548A44}"
EndProject
Project("{9A19103F-16F7-4668-BE54-9A1E7A4F7556}") = "ScrollBar", "ScrollBar\ScrollBar.csproj", "{E062EA7E-2A05-49FC-A487-7ECE29209D9F}"
EndProject
Project("{9A19103F-16F7-4668-BE54-9A1E7A4F7556}") = "Editor", "Editor\Editor.csproj", "{F8A4F164-FA14-4F50-B6D7-EC50A8FA73C5}"
EndProject
Project("{9A19103F-16F7-4668-BE54-9A1E7A4F7556}") = "Mjolnir", "Mjolnir\Mjolnir.csproj", "{2D05F5B9-592F-4A9E-A960-30A6253A3957}"
EndProject
Project("{9A19103F-16F7-4668-BE54-9A1E7A4F7556}") = "Mp3-Play", "Mp3-Play\Mp3-Play.csproj", "{9600F269-8865-466F-A162-BDCA8A2A2559}"
EndProject
Project("{9A19103F-16F7-4668-BE54-9A1E7A4F7556}") = "ImageViewer", "ImageViewer\ImageViewer.csproj", "{C0A3CDC2-7B88-41D9-9C52-69E26DB46DA2}"
EndProject
Project("{9A19103F-16F7-4668-BE54-9A1E7A4F7556}") = "MusicWalker", "MusicWalker\MusicWalker.csproj", "{65F5819D-8D13-4FF4-9C29-A473C2A1C7AE}"
EndProject
Project("{9A19103F-16F7-4668-BE54-9A1E7A4F7556}") = "MorsePractice", "MorsePractice\MorsePractice.csproj", "{F03A5C8C-AE39-4820-A7A6-855393C1B9FD}"
EndProject
Project("{8BC9CEB8-8B4A-11D0-8D11-00A0C91BC942}") = "FontManager", "FontManager\FontManager.vcxproj", "{D7F74723-500F-4369-AD42-9DDD0AF45D8C}"
EndProject
Project("{2150E333-8FDC-42A3-9474-1A3956D46DE8}") = "Solution Items", "Solution Items", "{4EAA6770-2F0C-488C-BEC0-E3C5BA60EB08}"
	ProjectSection(SolutionItems) = preProject
		.editorconfig = .editorconfig
	EndProjectSection
EndProject
Project("{9A19103F-16F7-4668-BE54-9A1E7A4F7556}") = "Clock", "Clock\Clock.csproj", "{B8BE97CE-B3E2-45B3-AD6D-89131D0CD510}"
	ProjectSection(ProjectDependencies) = postProject
		{F8A4F164-FA14-4F50-B6D7-EC50A8FA73C5} = {F8A4F164-FA14-4F50-B6D7-EC50A8FA73C5}
		{9E494DD4-7E47-4906-9519-DB2112E04BCF} = {9E494DD4-7E47-4906-9519-DB2112E04BCF}
		{771EE5F3-9464-4F82-9D2D-185F1F434598} = {771EE5F3-9464-4F82-9D2D-185F1F434598}
	EndProjectSection
EndProject
Project("{FAE04EC0-301F-11D3-BF4B-00C04F79EFBC}") = "Forms", "Forms\Forms.csproj", "{1CAEAA95-A9B9-4C26-99FD-1FD877263EA7}"
EndProject
Global
	GlobalSection(SolutionConfigurationPlatforms) = preSolution
		Debug|Any CPU = Debug|Any CPU
		Debug|x64 = Debug|x64
		Debug|x86 = Debug|x86
		Release|Any CPU = Release|Any CPU
		Release|x64 = Release|x64
		Release|x86 = Release|x86
	EndGlobalSection
	GlobalSection(ProjectConfigurationPlatforms) = postSolution
		{771EE5F3-9464-4F82-9D2D-185F1F434598}.Debug|Any CPU.ActiveCfg = Debug|Any CPU
		{771EE5F3-9464-4F82-9D2D-185F1F434598}.Debug|Any CPU.Build.0 = Debug|Any CPU
		{771EE5F3-9464-4F82-9D2D-185F1F434598}.Debug|x64.ActiveCfg = Debug|Any CPU
		{771EE5F3-9464-4F82-9D2D-185F1F434598}.Debug|x64.Build.0 = Debug|Any CPU
		{771EE5F3-9464-4F82-9D2D-185F1F434598}.Debug|x86.ActiveCfg = Debug|Any CPU
		{771EE5F3-9464-4F82-9D2D-185F1F434598}.Debug|x86.Build.0 = Debug|Any CPU
		{771EE5F3-9464-4F82-9D2D-185F1F434598}.Release|Any CPU.ActiveCfg = Release|Any CPU
		{771EE5F3-9464-4F82-9D2D-185F1F434598}.Release|Any CPU.Build.0 = Release|Any CPU
		{771EE5F3-9464-4F82-9D2D-185F1F434598}.Release|x64.ActiveCfg = Release|Any CPU
		{771EE5F3-9464-4F82-9D2D-185F1F434598}.Release|x64.Build.0 = Release|Any CPU
		{771EE5F3-9464-4F82-9D2D-185F1F434598}.Release|x86.ActiveCfg = Release|Any CPU
		{771EE5F3-9464-4F82-9D2D-185F1F434598}.Release|x86.Build.0 = Release|Any CPU
		{9E494DD4-7E47-4906-9519-DB2112E04BCF}.Debug|Any CPU.ActiveCfg = Debug|Any CPU
		{9E494DD4-7E47-4906-9519-DB2112E04BCF}.Debug|Any CPU.Build.0 = Debug|Any CPU
		{9E494DD4-7E47-4906-9519-DB2112E04BCF}.Debug|x64.ActiveCfg = Debug|Any CPU
		{9E494DD4-7E47-4906-9519-DB2112E04BCF}.Debug|x64.Build.0 = Debug|Any CPU
		{9E494DD4-7E47-4906-9519-DB2112E04BCF}.Debug|x86.ActiveCfg = Debug|Any CPU
		{9E494DD4-7E47-4906-9519-DB2112E04BCF}.Debug|x86.Build.0 = Debug|Any CPU
		{9E494DD4-7E47-4906-9519-DB2112E04BCF}.Release|Any CPU.ActiveCfg = Release|Any CPU
		{9E494DD4-7E47-4906-9519-DB2112E04BCF}.Release|Any CPU.Build.0 = Release|Any CPU
		{9E494DD4-7E47-4906-9519-DB2112E04BCF}.Release|x64.ActiveCfg = Release|Any CPU
		{9E494DD4-7E47-4906-9519-DB2112E04BCF}.Release|x64.Build.0 = Release|Any CPU
		{9E494DD4-7E47-4906-9519-DB2112E04BCF}.Release|x86.ActiveCfg = Release|Any CPU
		{9E494DD4-7E47-4906-9519-DB2112E04BCF}.Release|x86.Build.0 = Release|Any CPU
		{EF0ACB5F-D8CA-48B6-AF37-465177548A44}.Debug|Any CPU.ActiveCfg = Debug|Any CPU
		{EF0ACB5F-D8CA-48B6-AF37-465177548A44}.Debug|Any CPU.Build.0 = Debug|Any CPU
		{EF0ACB5F-D8CA-48B6-AF37-465177548A44}.Debug|x64.ActiveCfg = Debug|Any CPU
		{EF0ACB5F-D8CA-48B6-AF37-465177548A44}.Debug|x64.Build.0 = Debug|Any CPU
		{EF0ACB5F-D8CA-48B6-AF37-465177548A44}.Debug|x86.ActiveCfg = Debug|Any CPU
		{EF0ACB5F-D8CA-48B6-AF37-465177548A44}.Debug|x86.Build.0 = Debug|Any CPU
		{EF0ACB5F-D8CA-48B6-AF37-465177548A44}.Release|Any CPU.ActiveCfg = Release|Any CPU
		{EF0ACB5F-D8CA-48B6-AF37-465177548A44}.Release|Any CPU.Build.0 = Release|Any CPU
		{EF0ACB5F-D8CA-48B6-AF37-465177548A44}.Release|x64.ActiveCfg = Release|Any CPU
		{EF0ACB5F-D8CA-48B6-AF37-465177548A44}.Release|x64.Build.0 = Release|Any CPU
		{EF0ACB5F-D8CA-48B6-AF37-465177548A44}.Release|x86.ActiveCfg = Release|Any CPU
		{EF0ACB5F-D8CA-48B6-AF37-465177548A44}.Release|x86.Build.0 = Release|Any CPU
		{E062EA7E-2A05-49FC-A487-7ECE29209D9F}.Debug|Any CPU.ActiveCfg = Debug|Any CPU
		{E062EA7E-2A05-49FC-A487-7ECE29209D9F}.Debug|Any CPU.Build.0 = Debug|Any CPU
		{E062EA7E-2A05-49FC-A487-7ECE29209D9F}.Debug|x64.ActiveCfg = Debug|Any CPU
		{E062EA7E-2A05-49FC-A487-7ECE29209D9F}.Debug|x64.Build.0 = Debug|Any CPU
		{E062EA7E-2A05-49FC-A487-7ECE29209D9F}.Debug|x86.ActiveCfg = Debug|Any CPU
		{E062EA7E-2A05-49FC-A487-7ECE29209D9F}.Debug|x86.Build.0 = Debug|Any CPU
		{E062EA7E-2A05-49FC-A487-7ECE29209D9F}.Release|Any CPU.ActiveCfg = Release|Any CPU
		{E062EA7E-2A05-49FC-A487-7ECE29209D9F}.Release|Any CPU.Build.0 = Release|Any CPU
		{E062EA7E-2A05-49FC-A487-7ECE29209D9F}.Release|x64.ActiveCfg = Release|Any CPU
		{E062EA7E-2A05-49FC-A487-7ECE29209D9F}.Release|x64.Build.0 = Release|Any CPU
		{E062EA7E-2A05-49FC-A487-7ECE29209D9F}.Release|x86.ActiveCfg = Release|Any CPU
		{E062EA7E-2A05-49FC-A487-7ECE29209D9F}.Release|x86.Build.0 = Release|Any CPU
		{F8A4F164-FA14-4F50-B6D7-EC50A8FA73C5}.Debug|Any CPU.ActiveCfg = Debug|Any CPU
		{F8A4F164-FA14-4F50-B6D7-EC50A8FA73C5}.Debug|Any CPU.Build.0 = Debug|Any CPU
		{F8A4F164-FA14-4F50-B6D7-EC50A8FA73C5}.Debug|x64.ActiveCfg = Debug|Any CPU
		{F8A4F164-FA14-4F50-B6D7-EC50A8FA73C5}.Debug|x64.Build.0 = Debug|Any CPU
		{F8A4F164-FA14-4F50-B6D7-EC50A8FA73C5}.Debug|x86.ActiveCfg = Debug|Any CPU
		{F8A4F164-FA14-4F50-B6D7-EC50A8FA73C5}.Debug|x86.Build.0 = Debug|Any CPU
		{F8A4F164-FA14-4F50-B6D7-EC50A8FA73C5}.Release|Any CPU.ActiveCfg = Release|Any CPU
		{F8A4F164-FA14-4F50-B6D7-EC50A8FA73C5}.Release|Any CPU.Build.0 = Release|Any CPU
		{F8A4F164-FA14-4F50-B6D7-EC50A8FA73C5}.Release|x64.ActiveCfg = Release|Any CPU
		{F8A4F164-FA14-4F50-B6D7-EC50A8FA73C5}.Release|x64.Build.0 = Release|Any CPU
		{F8A4F164-FA14-4F50-B6D7-EC50A8FA73C5}.Release|x86.ActiveCfg = Release|Any CPU
		{F8A4F164-FA14-4F50-B6D7-EC50A8FA73C5}.Release|x86.Build.0 = Release|Any CPU
		{2D05F5B9-592F-4A9E-A960-30A6253A3957}.Debug|Any CPU.ActiveCfg = Debug|Any CPU
		{2D05F5B9-592F-4A9E-A960-30A6253A3957}.Debug|Any CPU.Build.0 = Debug|Any CPU
		{2D05F5B9-592F-4A9E-A960-30A6253A3957}.Debug|x64.ActiveCfg = Debug|Any CPU
		{2D05F5B9-592F-4A9E-A960-30A6253A3957}.Debug|x64.Build.0 = Debug|Any CPU
		{2D05F5B9-592F-4A9E-A960-30A6253A3957}.Debug|x86.ActiveCfg = Debug|Any CPU
		{2D05F5B9-592F-4A9E-A960-30A6253A3957}.Debug|x86.Build.0 = Debug|Any CPU
		{2D05F5B9-592F-4A9E-A960-30A6253A3957}.Release|Any CPU.ActiveCfg = Release|Any CPU
		{2D05F5B9-592F-4A9E-A960-30A6253A3957}.Release|Any CPU.Build.0 = Release|Any CPU
		{2D05F5B9-592F-4A9E-A960-30A6253A3957}.Release|x64.ActiveCfg = Release|Any CPU
		{2D05F5B9-592F-4A9E-A960-30A6253A3957}.Release|x64.Build.0 = Release|Any CPU
		{2D05F5B9-592F-4A9E-A960-30A6253A3957}.Release|x86.ActiveCfg = Release|Any CPU
		{2D05F5B9-592F-4A9E-A960-30A6253A3957}.Release|x86.Build.0 = Release|Any CPU
		{9600F269-8865-466F-A162-BDCA8A2A2559}.Debug|Any CPU.ActiveCfg = Debug|Any CPU
		{9600F269-8865-466F-A162-BDCA8A2A2559}.Debug|Any CPU.Build.0 = Debug|Any CPU
		{9600F269-8865-466F-A162-BDCA8A2A2559}.Debug|x64.ActiveCfg = Debug|Any CPU
		{9600F269-8865-466F-A162-BDCA8A2A2559}.Debug|x64.Build.0 = Debug|Any CPU
		{9600F269-8865-466F-A162-BDCA8A2A2559}.Debug|x86.ActiveCfg = Debug|Any CPU
		{9600F269-8865-466F-A162-BDCA8A2A2559}.Debug|x86.Build.0 = Debug|Any CPU
		{9600F269-8865-466F-A162-BDCA8A2A2559}.Release|Any CPU.ActiveCfg = Release|Any CPU
		{9600F269-8865-466F-A162-BDCA8A2A2559}.Release|Any CPU.Build.0 = Release|Any CPU
		{9600F269-8865-466F-A162-BDCA8A2A2559}.Release|x64.ActiveCfg = Release|Any CPU
		{9600F269-8865-466F-A162-BDCA8A2A2559}.Release|x64.Build.0 = Release|Any CPU
		{9600F269-8865-466F-A162-BDCA8A2A2559}.Release|x86.ActiveCfg = Release|Any CPU
		{9600F269-8865-466F-A162-BDCA8A2A2559}.Release|x86.Build.0 = Release|Any CPU
		{C0A3CDC2-7B88-41D9-9C52-69E26DB46DA2}.Debug|Any CPU.ActiveCfg = Debug|Any CPU
		{C0A3CDC2-7B88-41D9-9C52-69E26DB46DA2}.Debug|Any CPU.Build.0 = Debug|Any CPU
		{C0A3CDC2-7B88-41D9-9C52-69E26DB46DA2}.Debug|x64.ActiveCfg = Debug|Any CPU
		{C0A3CDC2-7B88-41D9-9C52-69E26DB46DA2}.Debug|x64.Build.0 = Debug|Any CPU
		{C0A3CDC2-7B88-41D9-9C52-69E26DB46DA2}.Debug|x86.ActiveCfg = Debug|Any CPU
		{C0A3CDC2-7B88-41D9-9C52-69E26DB46DA2}.Debug|x86.Build.0 = Debug|Any CPU
		{C0A3CDC2-7B88-41D9-9C52-69E26DB46DA2}.Release|Any CPU.ActiveCfg = Release|Any CPU
		{C0A3CDC2-7B88-41D9-9C52-69E26DB46DA2}.Release|Any CPU.Build.0 = Release|Any CPU
		{C0A3CDC2-7B88-41D9-9C52-69E26DB46DA2}.Release|x64.ActiveCfg = Release|Any CPU
		{C0A3CDC2-7B88-41D9-9C52-69E26DB46DA2}.Release|x64.Build.0 = Release|Any CPU
		{C0A3CDC2-7B88-41D9-9C52-69E26DB46DA2}.Release|x86.ActiveCfg = Release|Any CPU
		{C0A3CDC2-7B88-41D9-9C52-69E26DB46DA2}.Release|x86.Build.0 = Release|Any CPU
		{65F5819D-8D13-4FF4-9C29-A473C2A1C7AE}.Debug|Any CPU.ActiveCfg = Debug|Any CPU
		{65F5819D-8D13-4FF4-9C29-A473C2A1C7AE}.Debug|Any CPU.Build.0 = Debug|Any CPU
		{65F5819D-8D13-4FF4-9C29-A473C2A1C7AE}.Debug|x64.ActiveCfg = Debug|Any CPU
		{65F5819D-8D13-4FF4-9C29-A473C2A1C7AE}.Debug|x64.Build.0 = Debug|Any CPU
		{65F5819D-8D13-4FF4-9C29-A473C2A1C7AE}.Debug|x86.ActiveCfg = Debug|Any CPU
		{65F5819D-8D13-4FF4-9C29-A473C2A1C7AE}.Debug|x86.Build.0 = Debug|Any CPU
		{65F5819D-8D13-4FF4-9C29-A473C2A1C7AE}.Release|Any CPU.ActiveCfg = Release|Any CPU
		{65F5819D-8D13-4FF4-9C29-A473C2A1C7AE}.Release|Any CPU.Build.0 = Release|Any CPU
		{65F5819D-8D13-4FF4-9C29-A473C2A1C7AE}.Release|x64.ActiveCfg = Release|Any CPU
		{65F5819D-8D13-4FF4-9C29-A473C2A1C7AE}.Release|x64.Build.0 = Release|Any CPU
		{65F5819D-8D13-4FF4-9C29-A473C2A1C7AE}.Release|x86.ActiveCfg = Release|Any CPU
		{65F5819D-8D13-4FF4-9C29-A473C2A1C7AE}.Release|x86.Build.0 = Release|Any CPU
		{F03A5C8C-AE39-4820-A7A6-855393C1B9FD}.Debug|Any CPU.ActiveCfg = Debug|Any CPU
		{F03A5C8C-AE39-4820-A7A6-855393C1B9FD}.Debug|Any CPU.Build.0 = Debug|Any CPU
		{F03A5C8C-AE39-4820-A7A6-855393C1B9FD}.Debug|x64.ActiveCfg = Debug|Any CPU
		{F03A5C8C-AE39-4820-A7A6-855393C1B9FD}.Debug|x64.Build.0 = Debug|Any CPU
		{F03A5C8C-AE39-4820-A7A6-855393C1B9FD}.Debug|x86.ActiveCfg = Debug|Any CPU
		{F03A5C8C-AE39-4820-A7A6-855393C1B9FD}.Debug|x86.Build.0 = Debug|Any CPU
		{F03A5C8C-AE39-4820-A7A6-855393C1B9FD}.Release|Any CPU.ActiveCfg = Release|Any CPU
		{F03A5C8C-AE39-4820-A7A6-855393C1B9FD}.Release|Any CPU.Build.0 = Release|Any CPU
		{F03A5C8C-AE39-4820-A7A6-855393C1B9FD}.Release|x64.ActiveCfg = Release|Any CPU
		{F03A5C8C-AE39-4820-A7A6-855393C1B9FD}.Release|x64.Build.0 = Release|Any CPU
		{F03A5C8C-AE39-4820-A7A6-855393C1B9FD}.Release|x86.ActiveCfg = Release|Any CPU
		{F03A5C8C-AE39-4820-A7A6-855393C1B9FD}.Release|x86.Build.0 = Release|Any CPU
		{D7F74723-500F-4369-AD42-9DDD0AF45D8C}.Debug|Any CPU.ActiveCfg = Debug|x64
		{D7F74723-500F-4369-AD42-9DDD0AF45D8C}.Debug|Any CPU.Build.0 = Debug|x64
		{D7F74723-500F-4369-AD42-9DDD0AF45D8C}.Debug|x64.ActiveCfg = Debug|x64
		{D7F74723-500F-4369-AD42-9DDD0AF45D8C}.Debug|x64.Build.0 = Debug|x64
		{D7F74723-500F-4369-AD42-9DDD0AF45D8C}.Debug|x86.ActiveCfg = Debug|Win32
		{D7F74723-500F-4369-AD42-9DDD0AF45D8C}.Debug|x86.Build.0 = Debug|Win32
		{D7F74723-500F-4369-AD42-9DDD0AF45D8C}.Release|Any CPU.ActiveCfg = Release|Win32
		{D7F74723-500F-4369-AD42-9DDD0AF45D8C}.Release|x64.ActiveCfg = Release|x64
		{D7F74723-500F-4369-AD42-9DDD0AF45D8C}.Release|x64.Build.0 = Release|x64
		{D7F74723-500F-4369-AD42-9DDD0AF45D8C}.Release|x86.ActiveCfg = Release|Win32
		{D7F74723-500F-4369-AD42-9DDD0AF45D8C}.Release|x86.Build.0 = Release|Win32
		{B8BE97CE-B3E2-45B3-AD6D-89131D0CD510}.Debug|Any CPU.ActiveCfg = Debug|Any CPU
		{B8BE97CE-B3E2-45B3-AD6D-89131D0CD510}.Debug|Any CPU.Build.0 = Debug|Any CPU
		{B8BE97CE-B3E2-45B3-AD6D-89131D0CD510}.Debug|x64.ActiveCfg = Debug|Any CPU
		{B8BE97CE-B3E2-45B3-AD6D-89131D0CD510}.Debug|x64.Build.0 = Debug|Any CPU
		{B8BE97CE-B3E2-45B3-AD6D-89131D0CD510}.Debug|x86.ActiveCfg = Debug|Any CPU
		{B8BE97CE-B3E2-45B3-AD6D-89131D0CD510}.Debug|x86.Build.0 = Debug|Any CPU
		{B8BE97CE-B3E2-45B3-AD6D-89131D0CD510}.Release|Any CPU.ActiveCfg = Release|Any CPU
		{B8BE97CE-B3E2-45B3-AD6D-89131D0CD510}.Release|Any CPU.Build.0 = Release|Any CPU
		{B8BE97CE-B3E2-45B3-AD6D-89131D0CD510}.Release|x64.ActiveCfg = Release|Any CPU
		{B8BE97CE-B3E2-45B3-AD6D-89131D0CD510}.Release|x64.Build.0 = Release|Any CPU
		{B8BE97CE-B3E2-45B3-AD6D-89131D0CD510}.Release|x86.ActiveCfg = Release|Any CPU
		{B8BE97CE-B3E2-45B3-AD6D-89131D0CD510}.Release|x86.Build.0 = Release|Any CPU
		{1CAEAA95-A9B9-4C26-99FD-1FD877263EA7}.Debug|Any CPU.ActiveCfg = Debug|Any CPU
		{1CAEAA95-A9B9-4C26-99FD-1FD877263EA7}.Debug|Any CPU.Build.0 = Debug|Any CPU
		{1CAEAA95-A9B9-4C26-99FD-1FD877263EA7}.Debug|x64.ActiveCfg = Debug|Any CPU
		{1CAEAA95-A9B9-4C26-99FD-1FD877263EA7}.Debug|x64.Build.0 = Debug|Any CPU
		{1CAEAA95-A9B9-4C26-99FD-1FD877263EA7}.Debug|x86.ActiveCfg = Debug|Any CPU
		{1CAEAA95-A9B9-4C26-99FD-1FD877263EA7}.Debug|x86.Build.0 = Debug|Any CPU
		{1CAEAA95-A9B9-4C26-99FD-1FD877263EA7}.Release|Any CPU.ActiveCfg = Release|Any CPU
		{1CAEAA95-A9B9-4C26-99FD-1FD877263EA7}.Release|Any CPU.Build.0 = Release|Any CPU
		{1CAEAA95-A9B9-4C26-99FD-1FD877263EA7}.Release|x64.ActiveCfg = Release|Any CPU
		{1CAEAA95-A9B9-4C26-99FD-1FD877263EA7}.Release|x64.Build.0 = Release|Any CPU
		{1CAEAA95-A9B9-4C26-99FD-1FD877263EA7}.Release|x86.ActiveCfg = Release|Any CPU
		{1CAEAA95-A9B9-4C26-99FD-1FD877263EA7}.Release|x86.Build.0 = Release|Any CPU
	EndGlobalSection
	GlobalSection(SolutionProperties) = preSolution
		HideSolutionNode = FALSE
	EndGlobalSection
	GlobalSection(ExtensibilityGlobals) = postSolution
		SolutionGuid = {D8EC44B4-3B1D-4073-8DF5-33E800B10953}
	EndGlobalSection
EndGlobal
